
Microsoft Visual Studio Solution File, Format Version 12.00
# Visual Studio Version 17
VisualStudioVersion = 17.7.34018.315
MinimumVisualStudioVersion = 10.0.40219.1
Project("{FAE04EC0-301F-11D3-BF4B-00C04F79EFBC}") = "A3StringInterpolation", "A3StringInterpolation.csproj", "{17569E6B-8C09-43AC-B834-A19ECE7435CB}"
EndProject
Global
	GlobalSection(SolutionConfigurationPlatforms) = preSolution
		Debug|Any CPU = Debug|Any CPU
		Release|Any CPU = Release|Any CPU
	EndGlobalSection
	GlobalSection(ProjectConfigurationPlatforms) = postSolution
		{17569E6B-8C09-43AC-B834-A19ECE7435CB}.Debug|Any CPU.ActiveCfg = Debug|Any CPU
		{17569E6B-8C09-43AC-B834-A19ECE7435CB}.Debug|Any CPU.Build.0 = Debug|Any CPU
		{17569E6B-8C09-43AC-B834-A19ECE7435CB}.Release|Any CPU.ActiveCfg = Release|Any CPU
		{17569E6B-8C09-43AC-B834-A19ECE7435CB}.Release|Any CPU.Build.0 = Release|Any CPU
	EndGlobalSection
	GlobalSection(SolutionProperties) = preSolution
		HideSolutionNode = FALSE
	EndGlobalSection
	GlobalSection(ExtensibilityGlobals) = postSolution
		SolutionGuid = {F45172D5-CA82-481F-A092-25F20FCA3222}
	EndGlobalSection
EndGlobal
